
Microsoft Visual Studio Solution File, Format Version 12.00
# Visual Studio Version 16
VisualStudioVersion = 16.0.29509.3
MinimumVisualStudioVersion = 10.0.40219.1
Project("{8BC9CEB8-8B4A-11D0-8D11-00A0C91BC942}") = "ASSN1", "ASSN1_149156.vcxproj", "{DB4C33EA-50F6-4D0C-855E-95AD3E8A3092}"
EndProject
Global
	GlobalSection(SolutionConfigurationPlatforms) = preSolution
		Debug|x64 = Debug|x64
		Debug|x86 = Debug|x86
		Release|x64 = Release|x64
		Release|x86 = Release|x86
	EndGlobalSection
	GlobalSection(ProjectConfigurationPlatforms) = postSolution
		{DB4C33EA-50F6-4D0C-855E-95AD3E8A3092}.Debug|x64.ActiveCfg = Debug|x64
		{DB4C33EA-50F6-4D0C-855E-95AD3E8A3092}.Debug|x64.Build.0 = Debug|x64
		{DB4C33EA-50F6-4D0C-855E-95AD3E8A3092}.Debug|x86.ActiveCfg = Debug|Win32
		{DB4C33EA-50F6-4D0C-855E-95AD3E8A3092}.Debug|x86.Build.0 = Debug|Win32
		{DB4C33EA-50F6-4D0C-855E-95AD3E8A3092}.Release|x64.ActiveCfg = Release|x64
		{DB4C33EA-50F6-4D0C-855E-95AD3E8A3092}.Release|x64.Build.0 = Release|x64
		{DB4C33EA-50F6-4D0C-855E-95AD3E8A3092}.Release|x86.ActiveCfg = Release|Win32
		{DB4C33EA-50F6-4D0C-855E-95AD3E8A3092}.Release|x86.Build.0 = Release|Win32
	EndGlobalSection
	GlobalSection(SolutionProperties) = preSolution
		HideSolutionNode = FALSE
	EndGlobalSection
	GlobalSection(ExtensibilityGlobals) = postSolution
		SolutionGuid = {ECD19C7B-C3C2-4B77-91CA-D1CC255A037F}
	EndGlobalSection
EndGlobal
